
Microsoft Visual Studio Solution File, Format Version 12.00
# Visual Studio Version 16
VisualStudioVersion = 16.0.30503.244
MinimumVisualStudioVersion = 10.0.40219.1
Project("{FAE04EC0-301F-11D3-BF4B-00C04F79EFBC}") = "Threading", "Threading.csproj", "{B2F27DA9-128E-42C9-93A1-E3791B2326A1}"
EndProject
Global
	GlobalSection(SolutionConfigurationPlatforms) = preSolution
		Debug|Any CPU = Debug|Any CPU
		Release|Any CPU = Release|Any CPU
	EndGlobalSection
	GlobalSection(ProjectConfigurationPlatforms) = postSolution
		{B2F27DA9-128E-42C9-93A1-E3791B2326A1}.Debug|Any CPU.ActiveCfg = Debug|Any CPU
		{B2F27DA9-128E-42C9-93A1-E3791B2326A1}.Debug|Any CPU.Build.0 = Debug|Any CPU
		{B2F27DA9-128E-42C9-93A1-E3791B2326A1}.Release|Any CPU.ActiveCfg = Release|Any CPU
		{B2F27DA9-128E-42C9-93A1-E3791B2326A1}.Release|Any CPU.Build.0 = Release|Any CPU
	EndGlobalSection
	GlobalSection(SolutionProperties) = preSolution
		HideSolutionNode = FALSE
	EndGlobalSection
	GlobalSection(ExtensibilityGlobals) = postSolution
		SolutionGuid = {FF526480-5DEC-4811-99AE-02BAA89EC909}
	EndGlobalSection
EndGlobal
